{
  "name": "@neo4j-cypher/lint-worker",
  "version": "5.25.0",
  "lockfileVersion": 3,
  "requires": true,
  "packages": {
    "": {
      "name": "@neo4j-cypher/lint-worker",
      "version": "5.25.0",
      "license": "Apache-2.0",
      "dependencies": {
        "@neo4j-cypher/language-support": "2.0.0-next.10",
        "workerpool": "^9.0.4"
      },
      "devDependencies": {
        "@types/lodash.debounce": "^4.0.9"
      },
      "engines": {
        "node": ">=18.18.2"
      }
    },
    "node_modules/@neo4j-cypher/language-support": {
      "version": "2.0.0-next.10",
      "resolved": "https://registry.npmjs.org/@neo4j-cypher/language-support/-/language-support-2.0.0-next.10.tgz",
      "integrity": "sha512-KQuyVBTEzYJQYjqcKDiqVDavJgbG1HWDRH5clgnnbsWt/2pmy8NbT3OoycdiuPjvsG6QVLHZkcFIsVThHAgrxw==",
      "dependencies": {
        "antlr4": "*",
        "antlr4-c3": "*",
        "fastest-levenshtein": "^1.0.16",
        "vscode-languageserver-types": "^3.17.3"
      },
      "engines": {
        "node": ">=18.18.2"
      }
    },
    "node_modules/@types/lodash": {
      "version": "4.17.16",
      "resolved": "https://registry.npmjs.org/@types/lodash/-/lodash-4.17.16.tgz",
      "integrity": "sha512-HX7Em5NYQAXKW+1T+FiuG27NGwzJfCX3s1GjOa7ujxZa52kjJLOr4FUxT+giF6Tgxv1e+/czV/iTtBw27WTU9g==",
      "dev": true
    },
    "node_modules/@types/lodash.debounce": {
      "version": "4.0.9",
      "resolved": "https://registry.npmjs.org/@types/lodash.debounce/-/lodash.debounce-4.0.9.tgz",
      "integrity": "sha512-Ma5JcgTREwpLRwMM+XwBR7DaWe96nC38uCBDFKZWbNKD+osjVzdpnUSwBcqCptrp16sSOLBAUb50Car5I0TCsQ==",
      "dev": true,
      "dependencies": {
        "@types/lodash": "*"
      }
    },
    "node_modules/antlr4": {
      "version": "4.13.2",
      "resolved": "https://registry.npmjs.org/antlr4/-/antlr4-4.13.2.tgz",
      "integrity": "sha512-QiVbZhyy4xAZ17UPEuG3YTOt8ZaoeOR1CvEAqrEsDBsOqINslaB147i9xqljZqoyf5S+EUlGStaj+t22LT9MOg==",
      "engines": {
        "node": ">=16"
      }
    },
    "node_modules/antlr4-c3": {
      "version": "3.4.4",
      "resolved": "https://registry.npmjs.org/antlr4-c3/-/antlr4-c3-3.4.4.tgz",
      "integrity": "sha512-ixp1i17ypbRzZnffdarIfCVEXJwPydtDt61SHMGkc+UCD7rrbfvHESTMTgx8jFhUgKAgcHyt9060kQ8nU3vlxA==",
      "dependencies": {
        "antlr4ng": "3.0.16"
      }
    },
    "node_modules/antlr4ng": {
      "version": "3.0.16",
      "resolved": "https://registry.npmjs.org/antlr4ng/-/antlr4ng-3.0.16.tgz",
      "integrity": "sha512-DQuJkC7kX3xunfF4K2KsWTSvoxxslv+FQp/WHQZTJSsH2Ec3QfFmrxC3Nky2ok9yglXn6nHM4zUaVDxcN5f6kA=="
    },
    "node_modules/fastest-levenshtein": {
      "version": "1.0.16",
      "resolved": "https://registry.npmjs.org/fastest-levenshtein/-/fastest-levenshtein-1.0.16.tgz",
      "integrity": "sha512-eRnCtTTtGZFpQCwhJiUOuxPQWRXVKYDn0b2PeHfXL6/Zi53SLAzAHfVhVWK2AryC/WH05kGfxhFIPvTF0SXQzg==",
      "engines": {
        "node": ">= 4.9.1"
      }
    },
    "node_modules/vscode-languageserver-types": {
      "version": "3.17.5",
      "resolved": "https://registry.npmjs.org/vscode-languageserver-types/-/vscode-languageserver-types-3.17.5.tgz",
      "integrity": "sha512-Ld1VelNuX9pdF39h2Hgaeb5hEZM2Z3jUrrMgWQAu82jMtZp7p3vJT3BzToKtZI7NgQssZje5o0zryOrhQvzQAg=="
    },
    "node_modules/workerpool": {
      "version": "9.2.0",
      "resolved": "https://registry.npmjs.org/workerpool/-/workerpool-9.2.0.tgz",
      "integrity": "sha512-PKZqBOCo6CYkVOwAxWxQaSF2Fvb5Iv2fCeTP7buyWI2GiynWr46NcXSgK/idoV6e60dgCBfgYc+Un3HMvmqP8w=="
    }
  }
}
